
Microsoft Visual Studio Solution File, Format Version 12.00
# Visual Studio 14
VisualStudioVersion = 14.0.25420.1
MinimumVisualStudioVersion = 10.0.40219.1
Project("{2150E333-8FDC-42A3-9474-1A3956D46DE8}") = "src", "src", "{CCF34A80-0E06-4A1E-9094-1A2A74B48934}"
EndProject
Project("{2150E333-8FDC-42A3-9474-1A3956D46DE8}") = "Solution Items", "Solution Items", "{9948F3CD-2F0E-4F3C-B967-09E217FD0DF3}"
	ProjectSection(SolutionItems) = preProject
		global.json = global.json
	EndProjectSection
EndProject
Project("{8BB2217D-0F2D-49D1-97BC-3654ED321F3B}") = "IdentityServer4Authentication", "src\IdentityServer4Authentication\IdentityServer4Authentication.xproj", "{B2CD2AD8-87E6-4DEC-83DF-21810F91B606}"
EndProject
Global
	GlobalSection(SolutionConfigurationPlatforms) = preSolution
		Debug|Any CPU = Debug|Any CPU
		Release|Any CPU = Release|Any CPU
	EndGlobalSection
	GlobalSection(ProjectConfigurationPlatforms) = postSolution
		{B2CD2AD8-87E6-4DEC-83DF-21810F91B606}.Debug|Any CPU.ActiveCfg = Debug|Any CPU
		{B2CD2AD8-87E6-4DEC-83DF-21810F91B606}.Debug|Any CPU.Build.0 = Debug|Any CPU
		{B2CD2AD8-87E6-4DEC-83DF-21810F91B606}.Release|Any CPU.ActiveCfg = Release|Any CPU
		{B2CD2AD8-87E6-4DEC-83DF-21810F91B606}.Release|Any CPU.Build.0 = Release|Any CPU
	EndGlobalSection
	GlobalSection(SolutionProperties) = preSolution
		HideSolutionNode = FALSE
	EndGlobalSection
	GlobalSection(NestedProjects) = preSolution
		{B2CD2AD8-87E6-4DEC-83DF-21810F91B606} = {CCF34A80-0E06-4A1E-9094-1A2A74B48934}
	EndGlobalSection
EndGlobal
